// !$*UTF8*$!
{
	archiveVersion = 1;
	classes = {
	};
	objectVersion = 77;
	objects = {

/* Begin PBXBuildFile section */
		415024322CC6A78F009EE8C3 /* Ink in Frameworks */ = {isa = PBXBuildFile; productRef = 415024312CC6A78F009EE8C3 /* Ink */; };
		4152A8042CC6AB66009A445D /* MarkdownUI in Frameworks */ = {isa = PBXBuildFile; productRef = 4152A8032CC6AB66009A445D /* MarkdownUI */; };
		4152A8072CC6F61E009A445D /* Splash in Frameworks */ = {isa = PBXBuildFile; productRef = 4152A8062CC6F61E009A445D /* Splash */; };
		41D501C22CCB8778004EFDFD /* ProgressIndicatorView in Frameworks */ = {isa = PBXBuildFile; productRef = 41D501C12CCB8778004EFDFD /* ProgressIndicatorView */; };
/* End PBXBuildFile section */

/* Begin PBXContainerItemProxy section */
		415024102CC69A60009EE8C3 /* PBXContainerItemProxy */ = {
			isa = PBXContainerItemProxy;
			containerPortal = 415023F32CC69A5F009EE8C3 /* Project object */;
			proxyType = 1;
			remoteGlobalIDString = 415023FA2CC69A5F009EE8C3;
			remoteInfo = KnowledgeHub;
		};
		4150241A2CC69A60009EE8C3 /* PBXContainerItemProxy */ = {
			isa = PBXContainerItemProxy;
			containerPortal = 415023F32CC69A5F009EE8C3 /* Project object */;
			proxyType = 1;
			remoteGlobalIDString = 415023FA2CC69A5F009EE8C3;
			remoteInfo = KnowledgeHub;
		};
/* End PBXContainerItemProxy section */

/* Begin PBXFileReference section */
		415023FB2CC69A5F009EE8C3 /* KnowledgeHub.app */ = {isa = PBXFileReference; explicitFileType = wrapper.application; includeInIndex = 0; path = KnowledgeHub.app; sourceTree = BUILT_PRODUCTS_DIR; };
		4150240F2CC69A60009EE8C3 /* KnowledgeHubTests.xctest */ = {isa = PBXFileReference; explicitFileType = wrapper.cfbundle; includeInIndex = 0; path = KnowledgeHubTests.xctest; sourceTree = BUILT_PRODUCTS_DIR; };
		415024192CC69A60009EE8C3 /* KnowledgeHubUITests.xctest */ = {isa = PBXFileReference; explicitFileType = wrapper.cfbundle; includeInIndex = 0; path = KnowledgeHubUITests.xctest; sourceTree = BUILT_PRODUCTS_DIR; };
/* End PBXFileReference section */

/* Begin PBXFileSystemSynchronizedBuildFileExceptionSet section */
		415024212CC69A60009EE8C3 /* Exceptions for "KnowledgeHub" folder in "KnowledgeHub" target */ = {
			isa = PBXFileSystemSynchronizedBuildFileExceptionSet;
			membershipExceptions = (
				Info.plist,
			);
			target = 415023FA2CC69A5F009EE8C3 /* KnowledgeHub */;
		};
/* End PBXFileSystemSynchronizedBuildFileExceptionSet section */

/* Begin PBXFileSystemSynchronizedRootGroup section */
		415023FD2CC69A5F009EE8C3 /* KnowledgeHub */ = {
			isa = PBXFileSystemSynchronizedRootGroup;
			exceptions = (
				415024212CC69A60009EE8C3 /* Exceptions for "KnowledgeHub" folder in "KnowledgeHub" target */,
			);
			path = KnowledgeHub;
			sourceTree = "<group>";
		};
		415024122CC69A60009EE8C3 /* KnowledgeHubTests */ = {
			isa = PBXFileSystemSynchronizedRootGroup;
			path = KnowledgeHubTests;
			sourceTree = "<group>";
		};
		4150241C2CC69A60009EE8C3 /* KnowledgeHubUITests */ = {
			isa = PBXFileSystemSynchronizedRootGroup;
			path = KnowledgeHubUITests;
			sourceTree = "<group>";
		};
/* End PBXFileSystemSynchronizedRootGroup section */

/* Begin PBXFrameworksBuildPhase section */
		415023F82CC69A5F009EE8C3 /* Frameworks */ = {
			isa = PBXFrameworksBuildPhase;
			buildActionMask = 2147483647;
			files = (
				415024322CC6A78F009EE8C3 /* Ink in Frameworks */,
				4152A8042CC6AB66009A445D /* MarkdownUI in Frameworks */,
				41D501C22CCB8778004EFDFD /* ProgressIndicatorView in Frameworks */,
				4152A8072CC6F61E009A445D /* Splash in Frameworks */,
			);
			runOnlyForDeploymentPostprocessing = 0;
		};
		4150240C2CC69A60009EE8C3 /* Frameworks */ = {
			isa = PBXFrameworksBuildPhase;
			buildActionMask = 2147483647;
			files = (
			);
			runOnlyForDeploymentPostprocessing = 0;
		};
		415024162CC69A60009EE8C3 /* Frameworks */ = {
			isa = PBXFrameworksBuildPhase;
			buildActionMask = 2147483647;
			files = (
			);
			runOnlyForDeploymentPostprocessing = 0;
		};
/* End PBXFrameworksBuildPhase section */

/* Begin PBXGroup section */
		415023F22CC69A5F009EE8C3 = {
			isa = PBXGroup;
			children = (
				415023FD2CC69A5F009EE8C3 /* KnowledgeHub */,
				415024122CC69A60009EE8C3 /* KnowledgeHubTests */,
				4150241C2CC69A60009EE8C3 /* KnowledgeHubUITests */,
				415023FC2CC69A5F009EE8C3 /* Products */,
			);
			sourceTree = "<group>";
		};
		415023FC2CC69A5F009EE8C3 /* Products */ = {
			isa = PBXGroup;
			children = (
				415023FB2CC69A5F009EE8C3 /* KnowledgeHub.app */,
				4150240F2CC69A60009EE8C3 /* KnowledgeHubTests.xctest */,
				415024192CC69A60009EE8C3 /* KnowledgeHubUITests.xctest */,
			);
			name = Products;
			sourceTree = "<group>";
		};
/* End PBXGroup section */

/* Begin PBXNativeTarget section */
		415023FA2CC69A5F009EE8C3 /* KnowledgeHub */ = {
			isa = PBXNativeTarget;
			buildConfigurationList = 415024222CC69A60009EE8C3 /* Build configuration list for PBXNativeTarget "KnowledgeHub" */;
			buildPhases = (
				415023F72CC69A5F009EE8C3 /* Sources */,
				415023F82CC69A5F009EE8C3 /* Frameworks */,
				415023F92CC69A5F009EE8C3 /* Resources */,
			);
			buildRules = (
			);
			dependencies = (
			);
			fileSystemSynchronizedGroups = (
				415023FD2CC69A5F009EE8C3 /* KnowledgeHub */,
			);
			name = KnowledgeHub;
			packageProductDependencies = (
				415024312CC6A78F009EE8C3 /* Ink */,
				4152A8032CC6AB66009A445D /* MarkdownUI */,
				4152A8062CC6F61E009A445D /* Splash */,
				41D501C12CCB8778004EFDFD /* ProgressIndicatorView */,
			);
			productName = KnowledgeHub;
			productReference = 415023FB2CC69A5F009EE8C3 /* KnowledgeHub.app */;
			productType = "com.apple.product-type.application";
		};
		4150240E2CC69A60009EE8C3 /* KnowledgeHubTests */ = {
			isa = PBXNativeTarget;
			buildConfigurationList = 415024272CC69A60009EE8C3 /* Build configuration list for PBXNativeTarget "KnowledgeHubTests" */;
			buildPhases = (
				4150240B2CC69A60009EE8C3 /* Sources */,
				4150240C2CC69A60009EE8C3 /* Frameworks */,
				4150240D2CC69A60009EE8C3 /* Resources */,
			);
			buildRules = (
			);
			dependencies = (
				415024112CC69A60009EE8C3 /* PBXTargetDependency */,
			);
			fileSystemSynchronizedGroups = (
				415024122CC69A60009EE8C3 /* KnowledgeHubTests */,
			);
			name = KnowledgeHubTests;
			packageProductDependencies = (
			);
			productName = KnowledgeHubTests;
			productReference = 4150240F2CC69A60009EE8C3 /* KnowledgeHubTests.xctest */;
			productType = "com.apple.product-type.bundle.unit-test";
		};
		415024182CC69A60009EE8C3 /* KnowledgeHubUITests */ = {
			isa = PBXNativeTarget;
			buildConfigurationList = 4150242A2CC69A60009EE8C3 /* Build configuration list for PBXNativeTarget "KnowledgeHubUITests" */;
			buildPhases = (
				415024152CC69A60009EE8C3 /* Sources */,
				415024162CC69A60009EE8C3 /* Frameworks */,
				415024172CC69A60009EE8C3 /* Resources */,
			);
			buildRules = (
			);
			dependencies = (
				4150241B2CC69A60009EE8C3 /* PBXTargetDependency */,
			);
			fileSystemSynchronizedGroups = (
				4150241C2CC69A60009EE8C3 /* KnowledgeHubUITests */,
			);
			name = KnowledgeHubUITests;
			packageProductDependencies = (
			);
			productName = KnowledgeHubUITests;
			productReference = 415024192CC69A60009EE8C3 /* KnowledgeHubUITests.xctest */;
			productType = "com.apple.product-type.bundle.ui-testing";
		};
/* End PBXNativeTarget section */

/* Begin PBXProject section */
		415023F32CC69A5F009EE8C3 /* Project object */ = {
			isa = PBXProject;
			attributes = {
				BuildIndependentTargetsInParallel = 1;
				LastSwiftUpdateCheck = 1600;
				LastUpgradeCheck = 1600;
				TargetAttributes = {
					415023FA2CC69A5F009EE8C3 = {
						CreatedOnToolsVersion = 16.0;
					};
					4150240E2CC69A60009EE8C3 = {
						CreatedOnToolsVersion = 16.0;
						TestTargetID = 415023FA2CC69A5F009EE8C3;
					};
					415024182CC69A60009EE8C3 = {
						CreatedOnToolsVersion = 16.0;
						TestTargetID = 415023FA2CC69A5F009EE8C3;
					};
				};
			};
			buildConfigurationList = 415023F62CC69A5F009EE8C3 /* Build configuration list for PBXProject "KnowledgeHub" */;
			developmentRegion = en;
			hasScannedForEncodings = 0;
			knownRegions = (
				en,
				Base,
			);
			mainGroup = 415023F22CC69A5F009EE8C3;
			minimizedProjectReferenceProxies = 1;
			packageReferences = (
				415024302CC6A78F009EE8C3 /* XCRemoteSwiftPackageReference "Ink" */,
				4152A8022CC6AB66009A445D /* XCRemoteSwiftPackageReference "MarkdownUI" */,
				4152A8052CC6F61E009A445D /* XCRemoteSwiftPackageReference "Splash" */,
				41D501C02CCB8778004EFDFD /* XCRemoteSwiftPackageReference "ProgressIndicatorView" */,
			);
			preferredProjectObjectVersion = 77;
			productRefGroup = 415023FC2CC69A5F009EE8C3 /* Products */;
			projectDirPath = "";
			projectRoot = "";
			targets = (
				415023FA2CC69A5F009EE8C3 /* KnowledgeHub */,
				4150240E2CC69A60009EE8C3 /* KnowledgeHubTests */,
				415024182CC69A60009EE8C3 /* KnowledgeHubUITests */,
			);
		};
/* End PBXProject section */

/* Begin PBXResourcesBuildPhase section */
		415023F92CC69A5F009EE8C3 /* Resources */ = {
			isa = PBXResourcesBuildPhase;
			buildActionMask = 2147483647;
			files = (
			);
			runOnlyForDeploymentPostprocessing = 0;
		};
		4150240D2CC69A60009EE8C3 /* Resources */ = {
			isa = PBXResourcesBuildPhase;
			buildActionMask = 2147483647;
			files = (
			);
			runOnlyForDeploymentPostprocessing = 0;
		};
		415024172CC69A60009EE8C3 /* Resources */ = {
			isa = PBXResourcesBuildPhase;
			buildActionMask = 2147483647;
			files = (
			);
			runOnlyForDeploymentPostprocessing = 0;
		};
/* End PBXResourcesBuildPhase section */

/* Begin PBXSourcesBuildPhase section */
		415023F72CC69A5F009EE8C3 /* Sources */ = {
			isa = PBXSourcesBuildPhase;
			buildActionMask = 2147483647;
			files = (
			);
			runOnlyForDeploymentPostprocessing = 0;
		};
		4150240B2CC69A60009EE8C3 /* Sources */ = {
			isa = PBXSourcesBuildPhase;
			buildActionMask = 2147483647;
			files = (
			);
			runOnlyForDeploymentPostprocessing = 0;
		};
		415024152CC69A60009EE8C3 /* Sources */ = {
			isa = PBXSourcesBuildPhase;
			buildActionMask = 2147483647;
			files = (
			);
			runOnlyForDeploymentPostprocessing = 0;
		};
/* End PBXSourcesBuildPhase section */

/* Begin PBXTargetDependency section */
		415024112CC69A60009EE8C3 /* PBXTargetDependency */ = {
			isa = PBXTargetDependency;
			target = 415023FA2CC69A5F009EE8C3 /* KnowledgeHub */;
			targetProxy = 415024102CC69A60009EE8C3 /* PBXContainerItemProxy */;
		};
		4150241B2CC69A60009EE8C3 /* PBXTargetDependency */ = {
			isa = PBXTargetDependency;
			target = 415023FA2CC69A5F009EE8C3 /* KnowledgeHub */;
			targetProxy = 4150241A2CC69A60009EE8C3 /* PBXContainerItemProxy */;
		};
/* End PBXTargetDependency section */

/* Begin XCBuildConfiguration section */
		415024232CC69A60009EE8C3 /* Debug */ = {
			isa = XCBuildConfiguration;
			buildSettings = {
				ASSETCATALOG_COMPILER_APPICON_NAME = AppIcon;
				ASSETCATALOG_COMPILER_GLOBAL_ACCENT_COLOR_NAME = AccentColor;
				CODE_SIGN_ENTITLEMENTS = KnowledgeHub/KnowledgeHub.entitlements;
				CODE_SIGN_STYLE = Automatic;
				CURRENT_PROJECT_VERSION = 1;
				DEVELOPMENT_ASSET_PATHS = "\"KnowledgeHub/Preview Content\"";
				DEVELOPMENT_TEAM = 2PS9BT2AZR;
				ENABLE_PREVIEWS = YES;
				GENERATE_INFOPLIST_FILE = YES;
				INFOPLIST_FILE = KnowledgeHub/Info.plist;
				INFOPLIST_KEY_UIApplicationSceneManifest_Generation = YES;
				INFOPLIST_KEY_UIApplicationSupportsIndirectInputEvents = YES;
				INFOPLIST_KEY_UILaunchScreen_Generation = YES;
				INFOPLIST_KEY_UISupportedInterfaceOrientations_iPad = "UIInterfaceOrientationPortrait UIInterfaceOrientationPortraitUpsideDown UIInterfaceOrientationLandscapeLeft UIInterfaceOrientationLandscapeRight";
				INFOPLIST_KEY_UISupportedInterfaceOrientations_iPhone = "UIInterfaceOrientationPortrait UIInterfaceOrientationLandscapeLeft UIInterfaceOrientationLandscapeRight";
				LD_RUNPATH_SEARCH_PATHS = (
					"$(inherited)",
					"@executable_path/Frameworks",
				);
				MARKETING_VERSION = 1.0;
				PRODUCT_BUNDLE_IDENTIFIER = com.jovanradivojsa.KnowledgeHub;
				PRODUCT_NAME = "$(TARGET_NAME)";
				SWIFT_EMIT_LOC_STRINGS = YES;
				SWIFT_VERSION = 5.0;
				TARGETED_DEVICE_FAMILY = "1,2";
			};
			name = Debug;
		};
		415024242CC69A60009EE8C3 /* Release */ = {
			isa = XCBuildConfiguration;
			buildSettings = {
				ASSETCATALOG_COMPILER_APPICON_NAME = AppIcon;
				ASSETCATALOG_COMPILER_GLOBAL_ACCENT_COLOR_NAME = AccentColor;
				CODE_SIGN_ENTITLEMENTS = KnowledgeHub/KnowledgeHub.entitlements;
				CODE_SIGN_STYLE = Automatic;
				CURRENT_PROJECT_VERSION = 1;
				DEVELOPMENT_ASSET_PATHS = "\"KnowledgeHub/Preview Content\"";
				DEVELOPMENT_TEAM = 2PS9BT2AZR;
				ENABLE_PREVIEWS = YES;
				GENERATE_INFOPLIST_FILE = YES;
				INFOPLIST_FILE = KnowledgeHub/Info.plist;
				INFOPLIST_KEY_UIApplicationSceneManifest_Generation = YES;
				INFOPLIST_KEY_UIApplicationSupportsIndirectInputEvents = YES;
				INFOPLIST_KEY_UILaunchScreen_Generation = YES;
				INFOPLIST_KEY_UISupportedInterfaceOrientations_iPad = "UIInterfaceOrientationPortrait UIInterfaceOrientationPortraitUpsideDown UIInterfaceOrientationLandscapeLeft UIInterfaceOrientationLandscapeRight";
				INFOPLIST_KEY_UISupportedInterfaceOrientations_iPhone = "UIInterfaceOrientationPortrait UIInterfaceOrientationLandscapeLeft UIInterfaceOrientationLandscapeRight";
				LD_RUNPATH_SEARCH_PATHS = (
					"$(inherited)",
					"@executable_path/Frameworks",
				);
				MARKETING_VERSION = 1.0;
				PRODUCT_BUNDLE_IDENTIFIER = com.jovanradivojsa.KnowledgeHub;
				PRODUCT_NAME = "$(TARGET_NAME)";
				SWIFT_EMIT_LOC_STRINGS = YES;
				SWIFT_VERSION = 5.0;
				TARGETED_DEVICE_FAMILY = "1,2";
			};
			name = Release;
		};
		415024252CC69A60009EE8C3 /* Debug */ = {
			isa = XCBuildConfiguration;
			buildSettings = {
				ALWAYS_SEARCH_USER_PATHS = NO;
				ASSETCATALOG_COMPILER_GENERATE_SWIFT_ASSET_SYMBOL_EXTENSIONS = YES;
				CLANG_ANALYZER_NONNULL = YES;
				CLANG_ANALYZER_NUMBER_OBJECT_CONVERSION = YES_AGGRESSIVE;
				CLANG_CXX_LANGUAGE_STANDARD = "gnu++20";
				CLANG_ENABLE_MODULES = YES;
				CLANG_ENABLE_OBJC_ARC = YES;
				CLANG_ENABLE_OBJC_WEAK = YES;
				CLANG_WARN_BLOCK_CAPTURE_AUTORELEASING = YES;
				CLANG_WARN_BOOL_CONVERSION = YES;
				CLANG_WARN_COMMA = YES;
				CLANG_WARN_CONSTANT_CONVERSION = YES;
				CLANG_WARN_DEPRECATED_OBJC_IMPLEMENTATIONS = YES;
				CLANG_WARN_DIRECT_OBJC_ISA_USAGE = YES_ERROR;
				CLANG_WARN_DOCUMENTATION_COMMENTS = YES;
				CLANG_WARN_EMPTY_BODY = YES;
				CLANG_WARN_ENUM_CONVERSION = YES;
				CLANG_WARN_INFINITE_RECURSION = YES;
				CLANG_WARN_INT_CONVERSION = YES;
				CLANG_WARN_NON_LITERAL_NULL_CONVERSION = YES;
				CLANG_WARN_OBJC_IMPLICIT_RETAIN_SELF = YES;
				CLANG_WARN_OBJC_LITERAL_CONVERSION = YES;
				CLANG_WARN_OBJC_ROOT_CLASS = YES_ERROR;
				CLANG_WARN_QUOTED_INCLUDE_IN_FRAMEWORK_HEADER = YES;
				CLANG_WARN_RANGE_LOOP_ANALYSIS = YES;
				CLANG_WARN_STRICT_PROTOTYPES = YES;
				CLANG_WARN_SUSPICIOUS_MOVE = YES;
				CLANG_WARN_UNGUARDED_AVAILABILITY = YES_AGGRESSIVE;
				CLANG_WARN_UNREACHABLE_CODE = YES;
				CLANG_WARN__DUPLICATE_METHOD_MATCH = YES;
				COPY_PHASE_STRIP = NO;
				DEBUG_INFORMATION_FORMAT = dwarf;
				ENABLE_STRICT_OBJC_MSGSEND = YES;
				ENABLE_TESTABILITY = YES;
				ENABLE_USER_SCRIPT_SANDBOXING = YES;
				GCC_C_LANGUAGE_STANDARD = gnu17;
				GCC_DYNAMIC_NO_PIC = NO;
				GCC_NO_COMMON_BLOCKS = YES;
				GCC_OPTIMIZATION_LEVEL = 0;
				GCC_PREPROCESSOR_DEFINITIONS = (
					"DEBUG=1",
					"$(inherited)",
				);
				GCC_WARN_64_TO_32_BIT_CONVERSION = YES;
				GCC_WARN_ABOUT_RETURN_TYPE = YES_ERROR;
				GCC_WARN_UNDECLARED_SELECTOR = YES;
				GCC_WARN_UNINITIALIZED_AUTOS = YES_AGGRESSIVE;
				GCC_WARN_UNUSED_FUNCTION = YES;
				GCC_WARN_UNUSED_VARIABLE = YES;
				IPHONEOS_DEPLOYMENT_TARGET = 17.6;
				LOCALIZATION_PREFERS_STRING_CATALOGS = YES;
				MTL_ENABLE_DEBUG_INFO = INCLUDE_SOURCE;
				MTL_FAST_MATH = YES;
				ONLY_ACTIVE_ARCH = YES;
				SDKROOT = iphoneos;
				SWIFT_ACTIVE_COMPILATION_CONDITIONS = "DEBUG $(inherited)";
				SWIFT_OPTIMIZATION_LEVEL = "-Onone";
			};
			name = Debug;
		};
		415024262CC69A60009EE8C3 /* Release */ = {
			isa = XCBuildConfiguration;
			buildSettings = {
				ALWAYS_SEARCH_USER_PATHS = NO;
				ASSETCATALOG_COMPILER_GENERATE_SWIFT_ASSET_SYMBOL_EXTENSIONS = YES;
				CLANG_ANALYZER_NONNULL = YES;
				CLANG_ANALYZER_NUMBER_OBJECT_CONVERSION = YES_AGGRESSIVE;
				CLANG_CXX_LANGUAGE_STANDARD = "gnu++20";
				CLANG_ENABLE_MODULES = YES;
				CLANG_ENABLE_OBJC_ARC = YES;
				CLANG_ENABLE_OBJC_WEAK = YES;
				CLANG_WARN_BLOCK_CAPTURE_AUTORELEASING = YES;
				CLANG_WARN_BOOL_CONVERSION = YES;
				CLANG_WARN_COMMA = YES;
				CLANG_WARN_CONSTANT_CONVERSION = YES;
				CLANG_WARN_DEPRECATED_OBJC_IMPLEMENTATIONS = YES;
				CLANG_WARN_DIRECT_OBJC_ISA_USAGE = YES_ERROR;
				CLANG_WARN_DOCUMENTATION_COMMENTS = YES;
				CLANG_WARN_EMPTY_BODY = YES;
				CLANG_WARN_ENUM_CONVERSION = YES;
				CLANG_WARN_INFINITE_RECURSION = YES;
				CLANG_WARN_INT_CONVERSION = YES;
				CLANG_WARN_NON_LITERAL_NULL_CONVERSION = YES;
				CLANG_WARN_OBJC_IMPLICIT_RETAIN_SELF = YES;
				CLANG_WARN_OBJC_LITERAL_CONVERSION = YES;
				CLANG_WARN_OBJC_ROOT_CLASS = YES_ERROR;
				CLANG_WARN_QUOTED_INCLUDE_IN_FRAMEWORK_HEADER = YES;
				CLANG_WARN_RANGE_LOOP_ANALYSIS = YES;
				CLANG_WARN_STRICT_PROTOTYPES = YES;
				CLANG_WARN_SUSPICIOUS_MOVE = YES;
				CLANG_WARN_UNGUARDED_AVAILABILITY = YES_AGGRESSIVE;
				CLANG_WARN_UNREACHABLE_CODE = YES;
				CLANG_WARN__DUPLICATE_METHOD_MATCH = YES;
				COPY_PHASE_STRIP = NO;
				DEBUG_INFORMATION_FORMAT = "dwarf-with-dsym";
				ENABLE_NS_ASSERTIONS = NO;
				ENABLE_STRICT_OBJC_MSGSEND = YES;
				ENABLE_USER_SCRIPT_SANDBOXING = YES;
				GCC_C_LANGUAGE_STANDARD = gnu17;
				GCC_NO_COMMON_BLOCKS = YES;
				GCC_WARN_64_TO_32_BIT_CONVERSION = YES;
				GCC_WARN_ABOUT_RETURN_TYPE = YES_ERROR;
				GCC_WARN_UNDECLARED_SELECTOR = YES;
				GCC_WARN_UNINITIALIZED_AUTOS = YES_AGGRESSIVE;
				GCC_WARN_UNUSED_FUNCTION = YES;
				GCC_WARN_UNUSED_VARIABLE = YES;
				IPHONEOS_DEPLOYMENT_TARGET = 17.6;
				LOCALIZATION_PREFERS_STRING_CATALOGS = YES;
				MTL_ENABLE_DEBUG_INFO = NO;
				MTL_FAST_MATH = YES;
				SDKROOT = iphoneos;
				SWIFT_COMPILATION_MODE = wholemodule;
				VALIDATE_PRODUCT = YES;
			};
			name = Release;
		};
		415024282CC69A60009EE8C3 /* Debug */ = {
			isa = XCBuildConfiguration;
			buildSettings = {
				BUNDLE_LOADER = "$(TEST_HOST)";
				CODE_SIGN_STYLE = Automatic;
				CURRENT_PROJECT_VERSION = 1;
				DEVELOPMENT_TEAM = 2PS9BT2AZR;
				GENERATE_INFOPLIST_FILE = YES;
				IPHONEOS_DEPLOYMENT_TARGET = 18.0;
				MARKETING_VERSION = 1.0;
				PRODUCT_BUNDLE_IDENTIFIER = com.jovanradivojsa.KnowledgeHubTests;
				PRODUCT_NAME = "$(TARGET_NAME)";
				SWIFT_EMIT_LOC_STRINGS = NO;
				SWIFT_VERSION = 5.0;
				TARGETED_DEVICE_FAMILY = "1,2";
				TEST_HOST = "$(BUILT_PRODUCTS_DIR)/KnowledgeHub.app/$(BUNDLE_EXECUTABLE_FOLDER_PATH)/KnowledgeHub";
			};
			name = Debug;
		};
		415024292CC69A60009EE8C3 /* Release */ = {
			isa = XCBuildConfiguration;
			buildSettings = {
				BUNDLE_LOADER = "$(TEST_HOST)";
				CODE_SIGN_STYLE = Automatic;
				CURRENT_PROJECT_VERSION = 1;
				DEVELOPMENT_TEAM = 2PS9BT2AZR;
				GENERATE_INFOPLIST_FILE = YES;
				IPHONEOS_DEPLOYMENT_TARGET = 18.0;
				MARKETING_VERSION = 1.0;
				PRODUCT_BUNDLE_IDENTIFIER = com.jovanradivojsa.KnowledgeHubTests;
				PRODUCT_NAME = "$(TARGET_NAME)";
				SWIFT_EMIT_LOC_STRINGS = NO;
				SWIFT_VERSION = 5.0;
				TARGETED_DEVICE_FAMILY = "1,2";
				TEST_HOST = "$(BUILT_PRODUCTS_DIR)/KnowledgeHub.app/$(BUNDLE_EXECUTABLE_FOLDER_PATH)/KnowledgeHub";
			};
			name = Release;
		};
		4150242B2CC69A60009EE8C3 /* Debug */ = {
			isa = XCBuildConfiguration;
			buildSettings = {
				CODE_SIGN_STYLE = Automatic;
				CURRENT_PROJECT_VERSION = 1;
				DEVELOPMENT_TEAM = 2PS9BT2AZR;
				GENERATE_INFOPLIST_FILE = YES;
				MARKETING_VERSION = 1.0;
				PRODUCT_BUNDLE_IDENTIFIER = com.jovanradivojsa.KnowledgeHubUITests;
				PRODUCT_NAME = "$(TARGET_NAME)";
				SWIFT_EMIT_LOC_STRINGS = NO;
				SWIFT_VERSION = 5.0;
				TARGETED_DEVICE_FAMILY = "1,2";
				TEST_TARGET_NAME = KnowledgeHub;
			};
			name = Debug;
		};
		4150242C2CC69A60009EE8C3 /* Release */ = {
			isa = XCBuildConfiguration;
			buildSettings = {
				CODE_SIGN_STYLE = Automatic;
				CURRENT_PROJECT_VERSION = 1;
				DEVELOPMENT_TEAM = 2PS9BT2AZR;
				GENERATE_INFOPLIST_FILE = YES;
				MARKETING_VERSION = 1.0;
				PRODUCT_BUNDLE_IDENTIFIER = com.jovanradivojsa.KnowledgeHubUITests;
				PRODUCT_NAME = "$(TARGET_NAME)";
				SWIFT_EMIT_LOC_STRINGS = NO;
				SWIFT_VERSION = 5.0;
				TARGETED_DEVICE_FAMILY = "1,2";
				TEST_TARGET_NAME = KnowledgeHub;
			};
			name = Release;
		};
/* End XCBuildConfiguration section */

/* Begin XCConfigurationList section */
		415023F62CC69A5F009EE8C3 /* Build configuration list for PBXProject "KnowledgeHub" */ = {
			isa = XCConfigurationList;
			buildConfigurations = (
				415024252CC69A60009EE8C3 /* Debug */,
				415024262CC69A60009EE8C3 /* Release */,
			);
			defaultConfigurationIsVisible = 0;
			defaultConfigurationName = Release;
		};
		415024222CC69A60009EE8C3 /* Build configuration list for PBXNativeTarget "KnowledgeHub" */ = {
			isa = XCConfigurationList;
			buildConfigurations = (
				415024232CC69A60009EE8C3 /* Debug */,
				415024242CC69A60009EE8C3 /* Release */,
			);
			defaultConfigurationIsVisible = 0;
			defaultConfigurationName = Release;
		};
		415024272CC69A60009EE8C3 /* Build configuration list for PBXNativeTarget "KnowledgeHubTests" */ = {
			isa = XCConfigurationList;
			buildConfigurations = (
				415024282CC69A60009EE8C3 /* Debug */,
				415024292CC69A60009EE8C3 /* Release */,
			);
			defaultConfigurationIsVisible = 0;
			defaultConfigurationName = Release;
		};
		4150242A2CC69A60009EE8C3 /* Build configuration list for PBXNativeTarget "KnowledgeHubUITests" */ = {
			isa = XCConfigurationList;
			buildConfigurations = (
				4150242B2CC69A60009EE8C3 /* Debug */,
				4150242C2CC69A60009EE8C3 /* Release */,
			);
			defaultConfigurationIsVisible = 0;
			defaultConfigurationName = Release;
		};
/* End XCConfigurationList section */

/* Begin XCRemoteSwiftPackageReference section */
		415024302CC6A78F009EE8C3 /* XCRemoteSwiftPackageReference "Ink" */ = {
			isa = XCRemoteSwiftPackageReference;
			repositoryURL = "https://github.com/JohnSundell/Ink";
			requirement = {
				kind = upToNextMajorVersion;
				minimumVersion = 0.6.0;
			};
		};
		4152A8022CC6AB66009A445D /* XCRemoteSwiftPackageReference "MarkdownUI" */ = {
			isa = XCRemoteSwiftPackageReference;
			repositoryURL = "https://github.com/gonzalezreal/MarkdownUI";
			requirement = {
				kind = upToNextMajorVersion;
				minimumVersion = 2.4.1;
			};
		};
		4152A8052CC6F61E009A445D /* XCRemoteSwiftPackageReference "Splash" */ = {
			isa = XCRemoteSwiftPackageReference;
			repositoryURL = "https://github.com/JohnSundell/Splash.git";
			requirement = {
				kind = upToNextMajorVersion;
				minimumVersion = 0.16.0;
			};
		};
		41D501C02CCB8778004EFDFD /* XCRemoteSwiftPackageReference "ProgressIndicatorView" */ = {
			isa = XCRemoteSwiftPackageReference;
			repositoryURL = "https://github.com/exyte/ProgressIndicatorView";
			requirement = {
				kind = upToNextMajorVersion;
				minimumVersion = 1.0.0;
			};
		};
/* End XCRemoteSwiftPackageReference section */

/* Begin XCSwiftPackageProductDependency section */
		415024312CC6A78F009EE8C3 /* Ink */ = {
			isa = XCSwiftPackageProductDependency;
			package = 415024302CC6A78F009EE8C3 /* XCRemoteSwiftPackageReference "Ink" */;
			productName = Ink;
		};
		4152A8032CC6AB66009A445D /* MarkdownUI */ = {
			isa = XCSwiftPackageProductDependency;
			package = 4152A8022CC6AB66009A445D /* XCRemoteSwiftPackageReference "MarkdownUI" */;
			productName = MarkdownUI;
		};
		4152A8062CC6F61E009A445D /* Splash */ = {
			isa = XCSwiftPackageProductDependency;
			package = 4152A8052CC6F61E009A445D /* XCRemoteSwiftPackageReference "Splash" */;
			productName = Splash;
		};
		41D501C12CCB8778004EFDFD /* ProgressIndicatorView */ = {
			isa = XCSwiftPackageProductDependency;
			package = 41D501C02CCB8778004EFDFD /* XCRemoteSwiftPackageReference "ProgressIndicatorView" */;
			productName = ProgressIndicatorView;
		};
/* End XCSwiftPackageProductDependency section */
	};
	rootObject = 415023F32CC69A5F009EE8C3 /* Project object */;
}
